
Microsoft Visual Studio Solution File, Format Version 12.00
# Visual Studio Version 17
VisualStudioVersion = 17.1.32421.90
MinimumVisualStudioVersion = 10.0.40219.1
Project("{9A19103F-16F7-4668-BE54-9A1E7A4F7556}") = "KampIntro", "KampIntro\KampIntro.csproj", "{2958CD3D-2BA8-4BA7-A97F-41B02E9CC04F}"
EndProject
Project("{9A19103F-16F7-4668-BE54-9A1E7A4F7556}") = "Donguler", "Donguler\Donguler.csproj", "{AE064DAC-AD2A-4913-9DE0-03F0003ADD43}"
EndProject
Project("{9A19103F-16F7-4668-BE54-9A1E7A4F7556}") = "ClassIntro", "ClassIntro\ClassIntro.csproj", "{0754C6C3-8779-4C6E-8E77-1A2DEFC3C0E3}"
EndProject
Project("{9A19103F-16F7-4668-BE54-9A1E7A4F7556}") = "TernaryOperatoru", "TernaryOperatoru\TernaryOperatoru.csproj", "{0D0AEBA0-FA08-44E8-A394-438887171A4F}"
EndProject
Project("{9A19103F-16F7-4668-BE54-9A1E7A4F7556}") = "SwitchCase", "SwitchCase\SwitchCase.csproj", "{F7EE5122-8D5C-4832-A70D-C51A8649476F}"
EndProject
Project("{9A19103F-16F7-4668-BE54-9A1E7A4F7556}") = "Metotlar", "Metotlar\Metotlar.csproj", "{F5C128B1-394D-4943-A3FD-2546311AC118}"
EndProject
Project("{9A19103F-16F7-4668-BE54-9A1E7A4F7556}") = "Matematik", "Matematik\Matematik.csproj", "{6B867C97-7A9E-449A-A312-BA049EADDB7D}"
EndProject
Project("{9A19103F-16F7-4668-BE54-9A1E7A4F7556}") = "DegerVeReferansTipler", "DegerVeReferansTipler\DegerVeReferansTipler.csproj", "{9C7574CD-54AE-4E56-B24F-5D033A83731B}"
EndProject
Project("{9A19103F-16F7-4668-BE54-9A1E7A4F7556}") = "Arrays", "Arrays\Arrays.csproj", "{F176ED77-557B-498D-8FA7-4DDAFE165ACD}"
EndProject
Project("{9A19103F-16F7-4668-BE54-9A1E7A4F7556}") = "Musteri", "Musteri\Musteri.csproj", "{B089959B-0B63-49BF-A161-1A2D10A995D3}"
EndProject
Project("{9A19103F-16F7-4668-BE54-9A1E7A4F7556}") = "OOP1", "OOP1\OOP1.csproj", "{E988EFEE-11C9-4039-8EE6-A457FD22235F}"
EndProject
Project("{9A19103F-16F7-4668-BE54-9A1E7A4F7556}") = "Koleksiyonlar", "Koleksiyonlar\Koleksiyonlar.csproj", "{0BFBA565-BD04-4FFB-AE14-9A7F966B8564}"
EndProject
Project("{9A19103F-16F7-4668-BE54-9A1E7A4F7556}") = "GenericsIntro", "GenericsIntro\GenericsIntro.csproj", "{A8773DD6-C3A8-4B33-9E8A-24154AFAF3D5}"
EndProject
Project("{9A19103F-16F7-4668-BE54-9A1E7A4F7556}") = "ReferenceTypes", "ReferenceTypes\ReferenceTypes.csproj", "{C5832306-8E79-4D2A-B1EB-8DBF6F67B35F}"
EndProject
Project("{9A19103F-16F7-4668-BE54-9A1E7A4F7556}") = "Constructors", "Constructors\Constructors.csproj", "{8C52ECD8-06EF-419D-8D56-BF41F308EB5B}"
EndProject
Project("{9A19103F-16F7-4668-BE54-9A1E7A4F7556}") = "TListDeneme", "TListDeneme\TListDeneme.csproj", "{A4FB20D4-1811-4A85-AA21-7EEA99E85AEE}"
EndProject
Project("{9A19103F-16F7-4668-BE54-9A1E7A4F7556}") = "DictionaryIntro", "DictionaryIntro\DictionaryIntro.csproj", "{10A48A7E-1E25-4C05-B9D7-8EF99532896B}"
EndProject
Project("{9A19103F-16F7-4668-BE54-9A1E7A4F7556}") = "DictionaryDeneme", "DictionaryDeneme\DictionaryDeneme.csproj", "{98663EE6-6EC3-4F6F-B4D2-1BB8CA886100}"
EndProject
Project("{FAE04EC0-301F-11D3-BF4B-00C04F79EFBC}") = "OOP2", "OOP2\OOP2.csproj", "{84FD63CF-0698-4CE6-947E-80A620D47552}"
EndProject
Project("{FAE04EC0-301F-11D3-BF4B-00C04F79EFBC}") = "OOP3", "OOP3\OOP3.csproj", "{16972CBE-3CE9-49A3-8083-2607137F1176}"
EndProject
Global
	GlobalSection(SolutionConfigurationPlatforms) = preSolution
		Debug|Any CPU = Debug|Any CPU
		Release|Any CPU = Release|Any CPU
	EndGlobalSection
	GlobalSection(ProjectConfigurationPlatforms) = postSolution
		{2958CD3D-2BA8-4BA7-A97F-41B02E9CC04F}.Debug|Any CPU.ActiveCfg = Debug|Any CPU
		{2958CD3D-2BA8-4BA7-A97F-41B02E9CC04F}.Debug|Any CPU.Build.0 = Debug|Any CPU
		{2958CD3D-2BA8-4BA7-A97F-41B02E9CC04F}.Release|Any CPU.ActiveCfg = Release|Any CPU
		{2958CD3D-2BA8-4BA7-A97F-41B02E9CC04F}.Release|Any CPU.Build.0 = Release|Any CPU
		{AE064DAC-AD2A-4913-9DE0-03F0003ADD43}.Debug|Any CPU.ActiveCfg = Debug|Any CPU
		{AE064DAC-AD2A-4913-9DE0-03F0003ADD43}.Debug|Any CPU.Build.0 = Debug|Any CPU
		{AE064DAC-AD2A-4913-9DE0-03F0003ADD43}.Release|Any CPU.ActiveCfg = Release|Any CPU
		{AE064DAC-AD2A-4913-9DE0-03F0003ADD43}.Release|Any CPU.Build.0 = Release|Any CPU
		{0754C6C3-8779-4C6E-8E77-1A2DEFC3C0E3}.Debug|Any CPU.ActiveCfg = Debug|Any CPU
		{0754C6C3-8779-4C6E-8E77-1A2DEFC3C0E3}.Debug|Any CPU.Build.0 = Debug|Any CPU
		{0754C6C3-8779-4C6E-8E77-1A2DEFC3C0E3}.Release|Any CPU.ActiveCfg = Release|Any CPU
		{0754C6C3-8779-4C6E-8E77-1A2DEFC3C0E3}.Release|Any CPU.Build.0 = Release|Any CPU
		{0D0AEBA0-FA08-44E8-A394-438887171A4F}.Debug|Any CPU.ActiveCfg = Debug|Any CPU
		{0D0AEBA0-FA08-44E8-A394-438887171A4F}.Debug|Any CPU.Build.0 = Debug|Any CPU
		{0D0AEBA0-FA08-44E8-A394-438887171A4F}.Release|Any CPU.ActiveCfg = Release|Any CPU
		{0D0AEBA0-FA08-44E8-A394-438887171A4F}.Release|Any CPU.Build.0 = Release|Any CPU
		{F7EE5122-8D5C-4832-A70D-C51A8649476F}.Debug|Any CPU.ActiveCfg = Debug|Any CPU
		{F7EE5122-8D5C-4832-A70D-C51A8649476F}.Debug|Any CPU.Build.0 = Debug|Any CPU
		{F7EE5122-8D5C-4832-A70D-C51A8649476F}.Release|Any CPU.ActiveCfg = Release|Any CPU
		{F7EE5122-8D5C-4832-A70D-C51A8649476F}.Release|Any CPU.Build.0 = Release|Any CPU
		{F5C128B1-394D-4943-A3FD-2546311AC118}.Debug|Any CPU.ActiveCfg = Debug|Any CPU
		{F5C128B1-394D-4943-A3FD-2546311AC118}.Debug|Any CPU.Build.0 = Debug|Any CPU
		{F5C128B1-394D-4943-A3FD-2546311AC118}.Release|Any CPU.ActiveCfg = Release|Any CPU
		{F5C128B1-394D-4943-A3FD-2546311AC118}.Release|Any CPU.Build.0 = Release|Any CPU
		{6B867C97-7A9E-449A-A312-BA049EADDB7D}.Debug|Any CPU.ActiveCfg = Debug|Any CPU
		{6B867C97-7A9E-449A-A312-BA049EADDB7D}.Debug|Any CPU.Build.0 = Debug|Any CPU
		{6B867C97-7A9E-449A-A312-BA049EADDB7D}.Release|Any CPU.ActiveCfg = Release|Any CPU
		{6B867C97-7A9E-449A-A312-BA049EADDB7D}.Release|Any CPU.Build.0 = Release|Any CPU
		{9C7574CD-54AE-4E56-B24F-5D033A83731B}.Debug|Any CPU.ActiveCfg = Debug|Any CPU
		{9C7574CD-54AE-4E56-B24F-5D033A83731B}.Debug|Any CPU.Build.0 = Debug|Any CPU
		{9C7574CD-54AE-4E56-B24F-5D033A83731B}.Release|Any CPU.ActiveCfg = Release|Any CPU
		{9C7574CD-54AE-4E56-B24F-5D033A83731B}.Release|Any CPU.Build.0 = Release|Any CPU
		{F176ED77-557B-498D-8FA7-4DDAFE165ACD}.Debug|Any CPU.ActiveCfg = Debug|Any CPU
		{F176ED77-557B-498D-8FA7-4DDAFE165ACD}.Debug|Any CPU.Build.0 = Debug|Any CPU
		{F176ED77-557B-498D-8FA7-4DDAFE165ACD}.Release|Any CPU.ActiveCfg = Release|Any CPU
		{F176ED77-557B-498D-8FA7-4DDAFE165ACD}.Release|Any CPU.Build.0 = Release|Any CPU
		{B089959B-0B63-49BF-A161-1A2D10A995D3}.Debug|Any CPU.ActiveCfg = Debug|Any CPU
		{B089959B-0B63-49BF-A161-1A2D10A995D3}.Debug|Any CPU.Build.0 = Debug|Any CPU
		{B089959B-0B63-49BF-A161-1A2D10A995D3}.Release|Any CPU.ActiveCfg = Release|Any CPU
		{B089959B-0B63-49BF-A161-1A2D10A995D3}.Release|Any CPU.Build.0 = Release|Any CPU
		{E988EFEE-11C9-4039-8EE6-A457FD22235F}.Debug|Any CPU.ActiveCfg = Debug|Any CPU
		{E988EFEE-11C9-4039-8EE6-A457FD22235F}.Debug|Any CPU.Build.0 = Debug|Any CPU
		{E988EFEE-11C9-4039-8EE6-A457FD22235F}.Release|Any CPU.ActiveCfg = Release|Any CPU
		{E988EFEE-11C9-4039-8EE6-A457FD22235F}.Release|Any CPU.Build.0 = Release|Any CPU
		{0BFBA565-BD04-4FFB-AE14-9A7F966B8564}.Debug|Any CPU.ActiveCfg = Debug|Any CPU
		{0BFBA565-BD04-4FFB-AE14-9A7F966B8564}.Debug|Any CPU.Build.0 = Debug|Any CPU
		{0BFBA565-BD04-4FFB-AE14-9A7F966B8564}.Release|Any CPU.ActiveCfg = Release|Any CPU
		{0BFBA565-BD04-4FFB-AE14-9A7F966B8564}.Release|Any CPU.Build.0 = Release|Any CPU
		{A8773DD6-C3A8-4B33-9E8A-24154AFAF3D5}.Debug|Any CPU.ActiveCfg = Debug|Any CPU
		{A8773DD6-C3A8-4B33-9E8A-24154AFAF3D5}.Debug|Any CPU.Build.0 = Debug|Any CPU
		{A8773DD6-C3A8-4B33-9E8A-24154AFAF3D5}.Release|Any CPU.ActiveCfg = Release|Any CPU
		{A8773DD6-C3A8-4B33-9E8A-24154AFAF3D5}.Release|Any CPU.Build.0 = Release|Any CPU
		{C5832306-8E79-4D2A-B1EB-8DBF6F67B35F}.Debug|Any CPU.ActiveCfg = Debug|Any CPU
		{C5832306-8E79-4D2A-B1EB-8DBF6F67B35F}.Debug|Any CPU.Build.0 = Debug|Any CPU
		{C5832306-8E79-4D2A-B1EB-8DBF6F67B35F}.Release|Any CPU.ActiveCfg = Release|Any CPU
		{C5832306-8E79-4D2A-B1EB-8DBF6F67B35F}.Release|Any CPU.Build.0 = Release|Any CPU
		{8C52ECD8-06EF-419D-8D56-BF41F308EB5B}.Debug|Any CPU.ActiveCfg = Debug|Any CPU
		{8C52ECD8-06EF-419D-8D56-BF41F308EB5B}.Debug|Any CPU.Build.0 = Debug|Any CPU
		{8C52ECD8-06EF-419D-8D56-BF41F308EB5B}.Release|Any CPU.ActiveCfg = Release|Any CPU
		{8C52ECD8-06EF-419D-8D56-BF41F308EB5B}.Release|Any CPU.Build.0 = Release|Any CPU
		{A4FB20D4-1811-4A85-AA21-7EEA99E85AEE}.Debug|Any CPU.ActiveCfg = Debug|Any CPU
		{A4FB20D4-1811-4A85-AA21-7EEA99E85AEE}.Debug|Any CPU.Build.0 = Debug|Any CPU
		{A4FB20D4-1811-4A85-AA21-7EEA99E85AEE}.Release|Any CPU.ActiveCfg = Release|Any CPU
		{A4FB20D4-1811-4A85-AA21-7EEA99E85AEE}.Release|Any CPU.Build.0 = Release|Any CPU
		{10A48A7E-1E25-4C05-B9D7-8EF99532896B}.Debug|Any CPU.ActiveCfg = Debug|Any CPU
		{10A48A7E-1E25-4C05-B9D7-8EF99532896B}.Debug|Any CPU.Build.0 = Debug|Any CPU
		{10A48A7E-1E25-4C05-B9D7-8EF99532896B}.Release|Any CPU.ActiveCfg = Release|Any CPU
		{10A48A7E-1E25-4C05-B9D7-8EF99532896B}.Release|Any CPU.Build.0 = Release|Any CPU
		{98663EE6-6EC3-4F6F-B4D2-1BB8CA886100}.Debug|Any CPU.ActiveCfg = Debug|Any CPU
		{98663EE6-6EC3-4F6F-B4D2-1BB8CA886100}.Debug|Any CPU.Build.0 = Debug|Any CPU
		{98663EE6-6EC3-4F6F-B4D2-1BB8CA886100}.Release|Any CPU.ActiveCfg = Release|Any CPU
		{98663EE6-6EC3-4F6F-B4D2-1BB8CA886100}.Release|Any CPU.Build.0 = Release|Any CPU
		{84FD63CF-0698-4CE6-947E-80A620D47552}.Debug|Any CPU.ActiveCfg = Debug|Any CPU
		{84FD63CF-0698-4CE6-947E-80A620D47552}.Debug|Any CPU.Build.0 = Debug|Any CPU
		{84FD63CF-0698-4CE6-947E-80A620D47552}.Release|Any CPU.ActiveCfg = Release|Any CPU
		{84FD63CF-0698-4CE6-947E-80A620D47552}.Release|Any CPU.Build.0 = Release|Any CPU
		{16972CBE-3CE9-49A3-8083-2607137F1176}.Debug|Any CPU.ActiveCfg = Debug|Any CPU
		{16972CBE-3CE9-49A3-8083-2607137F1176}.Debug|Any CPU.Build.0 = Debug|Any CPU
		{16972CBE-3CE9-49A3-8083-2607137F1176}.Release|Any CPU.ActiveCfg = Release|Any CPU
		{16972CBE-3CE9-49A3-8083-2607137F1176}.Release|Any CPU.Build.0 = Release|Any CPU
	EndGlobalSection
	GlobalSection(SolutionProperties) = preSolution
		HideSolutionNode = FALSE
	EndGlobalSection
	GlobalSection(ExtensibilityGlobals) = postSolution
		SolutionGuid = {A04033FB-D5A4-44DB-AAF0-36A4E11C3A3C}
	EndGlobalSection
EndGlobal
